
Microsoft Visual Studio Solution File, Format Version 12.00
# Visual Studio 15
VisualStudioVersion = 15.0.28010.2048
MinimumVisualStudioVersion = 10.0.40219.1
Project("{FAE04EC0-301F-11D3-BF4B-00C04F79EFBC}") = "AliyunDdnsCSharp", "AliyunDdnsCSharp\AliyunDdnsCSharp.csproj", "{F5A3B8C2-AF1B-4089-8841-3573CB43D249}"
EndProject
Global
	GlobalSection(SolutionConfigurationPlatforms) = preSolution
		Debug|Any CPU = Debug|Any CPU
		Release|Any CPU = Release|Any CPU
	EndGlobalSection
	GlobalSection(ProjectConfigurationPlatforms) = postSolution
		{F5A3B8C2-AF1B-4089-8841-3573CB43D249}.Debug|Any CPU.ActiveCfg = Debug|Any CPU
		{F5A3B8C2-AF1B-4089-8841-3573CB43D249}.Debug|Any CPU.Build.0 = Debug|Any CPU
		{F5A3B8C2-AF1B-4089-8841-3573CB43D249}.Release|Any CPU.ActiveCfg = Release|Any CPU
		{F5A3B8C2-AF1B-4089-8841-3573CB43D249}.Release|Any CPU.Build.0 = Release|Any CPU
	EndGlobalSection
	GlobalSection(SolutionProperties) = preSolution
		HideSolutionNode = FALSE
	EndGlobalSection
	GlobalSection(ExtensibilityGlobals) = postSolution
		SolutionGuid = {3C3546B2-EEE0-4CC0-B77A-9CAAD64FA55C}
	EndGlobalSection
EndGlobal
